
Microsoft Visual Studio Solution File, Format Version 12.00
# Visual Studio Version 17
VisualStudioVersion = 17.14.37628.2
MinimumVisualStudioVersion = 10.0.40219.1
Project("{2150E333-8FDC-42A3-9474-1A3956D46DE8}") = "Task0", "Task0", "{02EA681E-C7D8-13C7-8484-4AC65E1B71E8}"
EndProject
Project("{FAE04EC0-301F-11D3-BF4B-00C04F79EFBC}") = "Tyuiu.IvanovaEA.Sprint2.Task0.V15.Test", "Tyuiu.IvanovaEA.Sprint2.Task0.V15.Test\Tyuiu.IvanovaEA.Sprint2.Task0.V15.Test.csproj", "{8CC73047-0FC8-4687-82F1-6CAF8DFABE98}"
EndProject
Project("{FAE04EC0-301F-11D3-BF4B-00C04F79EFBC}") = "Tyuiu.IvanovaEA.Sprint2.Task0.V15.Lib", "Tyuiu.IvanovaEA.Sprint2.Task0.V15.Lib\Tyuiu.IvanovaEA.Sprint2.Task0.V15.Lib.csproj", "{58342A3D-1E95-4313-9FFA-740218930B08}"
EndProject
Project("{FAE04EC0-301F-11D3-BF4B-00C04F79EFBC}") = "Tyuiu.IvanovaEA.Sprint2.Task0.V15", "Tyuiu.IvanovaEA.Sprint2.Task0.V15\Tyuiu.IvanovaEA.Sprint2.Task0.V15.csproj", "{7AA86EA0-DF31-438A-A0DA-7E12AD323B45}"
EndProject
Project("{2150E333-8FDC-42A3-9474-1A3956D46DE8}") = "Task1", "Task1", "{D67BF029-3413-4DE1-88E8-84A34FC42FB7}"
EndProject
Project("{FAE04EC0-301F-11D3-BF4B-00C04F79EFBC}") = "Tyuiu.IvanovaEA.Sprint2.Task1.V13.Test", "Tyuiu.IvanovaEA.Sprint2.Task1.V13.Test\Tyuiu.IvanovaEA.Sprint2.Task1.V13.Test.csproj", "{6293B232-720F-44C7-B0D9-3A704391A0D6}"
EndProject
Project("{FAE04EC0-301F-11D3-BF4B-00C04F79EFBC}") = "Tyuiu.IvanovaEA.Sprint2.Task1.V13.Lib", "Tyuiu.IvanovaEA.Sprint2.Task1.V13.Lib\Tyuiu.IvanovaEA.Sprint2.Task1.V13.Lib.csproj", "{1826194A-F2B2-4814-BFA9-B0FDC85DFAD3}"
EndProject
Project("{FAE04EC0-301F-11D3-BF4B-00C04F79EFBC}") = "Tyuiu.IvanovaEA.Sprint2.Task1.V13", "Tyuiu.IvanovaEA.Sprint2.Task1.V13\Tyuiu.IvanovaEA.Sprint2.Task1.V13.csproj", "{23DC54E3-B129-4CCE-A848-749ECBFAC4D9}"
EndProject
Project("{2150E333-8FDC-42A3-9474-1A3956D46DE8}") = "Task2", "Task2", "{5D87CF4E-A14A-4973-AC7F-F1D6DC2B09FB}"
EndProject
Project("{FAE04EC0-301F-11D3-BF4B-00C04F79EFBC}") = "Tyuiu.IvanovaEA.Sprint2.Task2.V16.Test", "Tyuiu.IvanovaEA.Sprint2.Task2.V16.Test\Tyuiu.IvanovaEA.Sprint2.Task2.V16.Test.csproj", "{406EE2F8-3B52-48ED-BC76-A8451CA3F8A3}"
EndProject
Project("{FAE04EC0-301F-11D3-BF4B-00C04F79EFBC}") = "Tyuiu.IvanovaEA.Sprint2.Task2.V16.Lib", "Tyuiu.IvanovaEA.Sprint2.Task2.V16.Lib\Tyuiu.IvanovaEA.Sprint2.Task2.V16.Lib.csproj", "{83F004AC-AFF0-47F2-927D-CC75FD9FF02C}"
EndProject
Project("{FAE04EC0-301F-11D3-BF4B-00C04F79EFBC}") = "Tyuiu.IvanovaEA.Sprint2.Task2.V16", "Tyuiu.IvanovaEA.Sprint2.Task2.V16\Tyuiu.IvanovaEA.Sprint2.Task2.V16.csproj", "{0F578AE7-C866-4E00-8464-E070AFCD235A}"
EndProject
Project("{2150E333-8FDC-42A3-9474-1A3956D46DE8}") = "Task3", "Task3", "{E4445F59-3743-4B12-A834-C3A682F9E277}"
EndProject
Project("{FAE04EC0-301F-11D3-BF4B-00C04F79EFBC}") = "Tyuiu.IvanovaEA.Sprint2.Task3.V24.Test", "Tyuiu.IvanovaEA.Sprint2.Task3.V24.Test\Tyuiu.IvanovaEA.Sprint2.Task3.V24.Test.csproj", "{E6858462-3CEE-449B-9E0B-8AE67D0D5244}"
EndProject
Project("{FAE04EC0-301F-11D3-BF4B-00C04F79EFBC}") = "Tyuiu.IvanovaEA.Sprint2.Task3.V24.Lib", "Tyuiu.IvanovaEA.Sprint2.Task3.V24.Lib\Tyuiu.IvanovaEA.Sprint2.Task3.V24.Lib.csproj", "{F6742105-8191-4C5F-80BC-88C41C58884E}"
EndProject
Project("{FAE04EC0-301F-11D3-BF4B-00C04F79EFBC}") = "Tyuiu.IvanovaEA.Sprint2.Task3.V24", "Tyuiu.IvanovaEA.Sprint2.Task3.V24\Tyuiu.IvanovaEA.Sprint2.Task3.V24.csproj", "{2A8CA1F1-D4C3-4A6D-B985-C3ED1A877FB0}"
EndProject
Project("{2150E333-8FDC-42A3-9474-1A3956D46DE8}") = "Task4", "Task4", "{94D20AA0-2BC1-4155-8CD7-445E3E60CD22}"
EndProject
Project("{FAE04EC0-301F-11D3-BF4B-00C04F79EFBC}") = "Tyuiu.IvanovaEA.Sprint2.Task4.V21.Test", "Tyuiu.IvanovaEA.Sprint2.Task4.V21.Test\Tyuiu.IvanovaEA.Sprint2.Task4.V21.Test.csproj", "{F0DB2CA3-FFAB-466D-88DB-3A738C20468D}"
EndProject
Project("{FAE04EC0-301F-11D3-BF4B-00C04F79EFBC}") = "Tyuiu.IvanovaEA.Sprint2.Task4.V21.Lib", "Tyuiu.IvanovaEA.Sprint2.Task4.V21.Lib\Tyuiu.IvanovaEA.Sprint2.Task4.V21.Lib.csproj", "{4C1BA0D3-47C6-4A93-B9ED-56EE3120009E}"
EndProject
Project("{FAE04EC0-301F-11D3-BF4B-00C04F79EFBC}") = "Tyuiu.IvanovaEA.Sprint2.Task4.V21", "Tyuiu.IvanovaEA.Sprint2.Task4.V21\Tyuiu.IvanovaEA.Sprint2.Task4.V21.csproj", "{6611D352-96BA-43DE-BA45-513B92B82ECD}"
EndProject
Project("{2150E333-8FDC-42A3-9474-1A3956D46DE8}") = "Task5", "Task5", "{8886275C-1FD5-4CCA-BADF-27AA51E43B5E}"
EndProject
Project("{FAE04EC0-301F-11D3-BF4B-00C04F79EFBC}") = "Tyuiu.IvanovaEA.Sprint2.Task5.V9.Test", "Tyuiu.IvanovaEA.Sprint2.Task5.V9.Test\Tyuiu.IvanovaEA.Sprint2.Task5.V9.Test.csproj", "{0A34667C-75E1-43D8-B136-FFE8409E39A6}"
EndProject
Project("{FAE04EC0-301F-11D3-BF4B-00C04F79EFBC}") = "Tyuiu.IvanovaEA.Sprint2.Task5.V9.Lib", "Tyuiu.IvanovaEA.Sprint2.Task5.V9.Lib\Tyuiu.IvanovaEA.Sprint2.Task5.V9.Lib.csproj", "{35871374-9CDE-4FFA-82EE-F16D47F2D32A}"
EndProject
Project("{FAE04EC0-301F-11D3-BF4B-00C04F79EFBC}") = "Tyuiu.IvanovaEA.Sprint2.Task5.V9", "Tyuiu.IvanovaEA.Sprint2.Task5.V9\Tyuiu.IvanovaEA.Sprint2.Task5.V9.csproj", "{A5D90A48-B2A5-4DD7-AA0F-E7D847AE23FF}"
EndProject
Project("{2150E333-8FDC-42A3-9474-1A3956D46DE8}") = "Task6", "Task6", "{8E9230DC-36C2-47E3-9C83-7A31D137781F}"
EndProject
Project("{FAE04EC0-301F-11D3-BF4B-00C04F79EFBC}") = "Tyuiu.IvanovaEA.Sprint2.Task6.V9.Test", "Tyuiu.IvanovaEA.Sprint2.Task6.V9.Test\Tyuiu.IvanovaEA.Sprint2.Task6.V9.Test.csproj", "{829A0A37-4E07-47A2-B705-1CBB32BA20E5}"
EndProject
Project("{FAE04EC0-301F-11D3-BF4B-00C04F79EFBC}") = "Tyuiu.IvanovaEA.Sprint2.Task6.V9.Lib", "Tyuiu.IvanovaEA.Sprint2.Task6.V9.Lib\Tyuiu.IvanovaEA.Sprint2.Task6.V9.Lib.csproj", "{F2060658-E46C-459E-BD79-DFB4618E0DD6}"
EndProject
Project("{FAE04EC0-301F-11D3-BF4B-00C04F79EFBC}") = "Tyuiu.IvanovaEA.Sprint2.Task6.V9", "Tyuiu.IvanovaEA.Sprint2.Task6.V9\Tyuiu.IvanovaEA.Sprint2.Task6.V9.csproj", "{50BED426-F170-4A5A-AAD1-433E469816C9}"
EndProject
Global
	GlobalSection(SolutionConfigurationPlatforms) = preSolution
		Debug|Any CPU = Debug|Any CPU
		Release|Any CPU = Release|Any CPU
	EndGlobalSection
	GlobalSection(ProjectConfigurationPlatforms) = postSolution
		{8CC73047-0FC8-4687-82F1-6CAF8DFABE98}.Debug|Any CPU.ActiveCfg = Debug|Any CPU
		{8CC73047-0FC8-4687-82F1-6CAF8DFABE98}.Debug|Any CPU.Build.0 = Debug|Any CPU
		{8CC73047-0FC8-4687-82F1-6CAF8DFABE98}.Release|Any CPU.ActiveCfg = Release|Any CPU
		{8CC73047-0FC8-4687-82F1-6CAF8DFABE98}.Release|Any CPU.Build.0 = Release|Any CPU
		{58342A3D-1E95-4313-9FFA-740218930B08}.Debug|Any CPU.ActiveCfg = Debug|Any CPU
		{58342A3D-1E95-4313-9FFA-740218930B08}.Debug|Any CPU.Build.0 = Debug|Any CPU
		{58342A3D-1E95-4313-9FFA-740218930B08}.Release|Any CPU.ActiveCfg = Release|Any CPU
		{58342A3D-1E95-4313-9FFA-740218930B08}.Release|Any CPU.Build.0 = Release|Any CPU
		{7AA86EA0-DF31-438A-A0DA-7E12AD323B45}.Debug|Any CPU.ActiveCfg = Debug|Any CPU
		{7AA86EA0-DF31-438A-A0DA-7E12AD323B45}.Debug|Any CPU.Build.0 = Debug|Any CPU
		{7AA86EA0-DF31-438A-A0DA-7E12AD323B45}.Release|Any CPU.ActiveCfg = Release|Any CPU
		{7AA86EA0-DF31-438A-A0DA-7E12AD323B45}.Release|Any CPU.Build.0 = Release|Any CPU
		{6293B232-720F-44C7-B0D9-3A704391A0D6}.Debug|Any CPU.ActiveCfg = Debug|Any CPU
		{6293B232-720F-44C7-B0D9-3A704391A0D6}.Debug|Any CPU.Build.0 = Debug|Any CPU
		{6293B232-720F-44C7-B0D9-3A704391A0D6}.Release|Any CPU.ActiveCfg = Release|Any CPU
		{6293B232-720F-44C7-B0D9-3A704391A0D6}.Release|Any CPU.Build.0 = Release|Any CPU
		{1826194A-F2B2-4814-BFA9-B0FDC85DFAD3}.Debug|Any CPU.ActiveCfg = Debug|Any CPU
		{1826194A-F2B2-4814-BFA9-B0FDC85DFAD3}.Debug|Any CPU.Build.0 = Debug|Any CPU
		{1826194A-F2B2-4814-BFA9-B0FDC85DFAD3}.Release|Any CPU.ActiveCfg = Release|Any CPU
		{1826194A-F2B2-4814-BFA9-B0FDC85DFAD3}.Release|Any CPU.Build.0 = Release|Any CPU
		{23DC54E3-B129-4CCE-A848-749ECBFAC4D9}.Debug|Any CPU.ActiveCfg = Debug|Any CPU
		{23DC54E3-B129-4CCE-A848-749ECBFAC4D9}.Debug|Any CPU.Build.0 = Debug|Any CPU
		{23DC54E3-B129-4CCE-A848-749ECBFAC4D9}.Release|Any CPU.ActiveCfg = Release|Any CPU
		{23DC54E3-B129-4CCE-A848-749ECBFAC4D9}.Release|Any CPU.Build.0 = Release|Any CPU
		{406EE2F8-3B52-48ED-BC76-A8451CA3F8A3}.Debug|Any CPU.ActiveCfg = Debug|Any CPU
		{406EE2F8-3B52-48ED-BC76-A8451CA3F8A3}.Debug|Any CPU.Build.0 = Debug|Any CPU
		{406EE2F8-3B52-48ED-BC76-A8451CA3F8A3}.Release|Any CPU.ActiveCfg = Release|Any CPU
		{406EE2F8-3B52-48ED-BC76-A8451CA3F8A3}.Release|Any CPU.Build.0 = Release|Any CPU
		{83F004AC-AFF0-47F2-927D-CC75FD9FF02C}.Debug|Any CPU.ActiveCfg = Debug|Any CPU
		{83F004AC-AFF0-47F2-927D-CC75FD9FF02C}.Debug|Any CPU.Build.0 = Debug|Any CPU
		{83F004AC-AFF0-47F2-927D-CC75FD9FF02C}.Release|Any CPU.ActiveCfg = Release|Any CPU
		{83F004AC-AFF0-47F2-927D-CC75FD9FF02C}.Release|Any CPU.Build.0 = Release|Any CPU
		{0F578AE7-C866-4E00-8464-E070AFCD235A}.Debug|Any CPU.ActiveCfg = Debug|Any CPU
		{0F578AE7-C866-4E00-8464-E070AFCD235A}.Debug|Any CPU.Build.0 = Debug|Any CPU
		{0F578AE7-C866-4E00-8464-E070AFCD235A}.Release|Any CPU.ActiveCfg = Release|Any CPU
		{0F578AE7-C866-4E00-8464-E070AFCD235A}.Release|Any CPU.Build.0 = Release|Any CPU
		{E6858462-3CEE-449B-9E0B-8AE67D0D5244}.Debug|Any CPU.ActiveCfg = Debug|Any CPU
		{E6858462-3CEE-449B-9E0B-8AE67D0D5244}.Debug|Any CPU.Build.0 = Debug|Any CPU
		{E6858462-3CEE-449B-9E0B-8AE67D0D5244}.Release|Any CPU.ActiveCfg = Release|Any CPU
		{E6858462-3CEE-449B-9E0B-8AE67D0D5244}.Release|Any CPU.Build.0 = Release|Any CPU
		{F6742105-8191-4C5F-80BC-88C41C58884E}.Debug|Any CPU.ActiveCfg = Debug|Any CPU
		{F6742105-8191-4C5F-80BC-88C41C58884E}.Debug|Any CPU.Build.0 = Debug|Any CPU
		{F6742105-8191-4C5F-80BC-88C41C58884E}.Release|Any CPU.ActiveCfg = Release|Any CPU
		{F6742105-8191-4C5F-80BC-88C41C58884E}.Release|Any CPU.Build.0 = Release|Any CPU
		{2A8CA1F1-D4C3-4A6D-B985-C3ED1A877FB0}.Debug|Any CPU.ActiveCfg = Debug|Any CPU
		{2A8CA1F1-D4C3-4A6D-B985-C3ED1A877FB0}.Debug|Any CPU.Build.0 = Debug|Any CPU
		{2A8CA1F1-D4C3-4A6D-B985-C3ED1A877FB0}.Release|Any CPU.ActiveCfg = Release|Any CPU
		{2A8CA1F1-D4C3-4A6D-B985-C3ED1A877FB0}.Release|Any CPU.Build.0 = Release|Any CPU
		{F0DB2CA3-FFAB-466D-88DB-3A738C20468D}.Debug|Any CPU.ActiveCfg = Debug|Any CPU
		{F0DB2CA3-FFAB-466D-88DB-3A738C20468D}.Debug|Any CPU.Build.0 = Debug|Any CPU
		{F0DB2CA3-FFAB-466D-88DB-3A738C20468D}.Release|Any CPU.ActiveCfg = Release|Any CPU
		{F0DB2CA3-FFAB-466D-88DB-3A738C20468D}.Release|Any CPU.Build.0 = Release|Any CPU
		{4C1BA0D3-47C6-4A93-B9ED-56EE3120009E}.Debug|Any CPU.ActiveCfg = Debug|Any CPU
		{4C1BA0D3-47C6-4A93-B9ED-56EE3120009E}.Debug|Any CPU.Build.0 = Debug|Any CPU
		{4C1BA0D3-47C6-4A93-B9ED-56EE3120009E}.Release|Any CPU.ActiveCfg = Release|Any CPU
		{4C1BA0D3-47C6-4A93-B9ED-56EE3120009E}.Release|Any CPU.Build.0 = Release|Any CPU
		{6611D352-96BA-43DE-BA45-513B92B82ECD}.Debug|Any CPU.ActiveCfg = Debug|Any CPU
		{6611D352-96BA-43DE-BA45-513B92B82ECD}.Debug|Any CPU.Build.0 = Debug|Any CPU
		{6611D352-96BA-43DE-BA45-513B92B82ECD}.Release|Any CPU.ActiveCfg = Release|Any CPU
		{6611D352-96BA-43DE-BA45-513B92B82ECD}.Release|Any CPU.Build.0 = Release|Any CPU
		{0A34667C-75E1-43D8-B136-FFE8409E39A6}.Debug|Any CPU.ActiveCfg = Debug|Any CPU
		{0A34667C-75E1-43D8-B136-FFE8409E39A6}.Debug|Any CPU.Build.0 = Debug|Any CPU
		{0A34667C-75E1-43D8-B136-FFE8409E39A6}.Release|Any CPU.ActiveCfg = Release|Any CPU
		{0A34667C-75E1-43D8-B136-FFE8409E39A6}.Release|Any CPU.Build.0 = Release|Any CPU
		{35871374-9CDE-4FFA-82EE-F16D47F2D32A}.Debug|Any CPU.ActiveCfg = Debug|Any CPU
		{35871374-9CDE-4FFA-82EE-F16D47F2D32A}.Debug|Any CPU.Build.0 = Debug|Any CPU
		{35871374-9CDE-4FFA-82EE-F16D47F2D32A}.Release|Any CPU.ActiveCfg = Release|Any CPU
		{35871374-9CDE-4FFA-82EE-F16D47F2D32A}.Release|Any CPU.Build.0 = Release|Any CPU
		{A5D90A48-B2A5-4DD7-AA0F-E7D847AE23FF}.Debug|Any CPU.ActiveCfg = Debug|Any CPU
		{A5D90A48-B2A5-4DD7-AA0F-E7D847AE23FF}.Debug|Any CPU.Build.0 = Debug|Any CPU
		{A5D90A48-B2A5-4DD7-AA0F-E7D847AE23FF}.Release|Any CPU.ActiveCfg = Release|Any CPU
		{A5D90A48-B2A5-4DD7-AA0F-E7D847AE23FF}.Release|Any CPU.Build.0 = Release|Any CPU
		{829A0A37-4E07-47A2-B705-1CBB32BA20E5}.Debug|Any CPU.ActiveCfg = Debug|Any CPU
		{829A0A37-4E07-47A2-B705-1CBB32BA20E5}.Debug|Any CPU.Build.0 = Debug|Any CPU
		{829A0A37-4E07-47A2-B705-1CBB32BA20E5}.Release|Any CPU.ActiveCfg = Release|Any CPU
		{829A0A37-4E07-47A2-B705-1CBB32BA20E5}.Release|Any CPU.Build.0 = Release|Any CPU
		{F2060658-E46C-459E-BD79-DFB4618E0DD6}.Debug|Any CPU.ActiveCfg = Debug|Any CPU
		{F2060658-E46C-459E-BD79-DFB4618E0DD6}.Debug|Any CPU.Build.0 = Debug|Any CPU
		{F2060658-E46C-459E-BD79-DFB4618E0DD6}.Release|Any CPU.ActiveCfg = Release|Any CPU
		{F2060658-E46C-459E-BD79-DFB4618E0DD6}.Release|Any CPU.Build.0 = Release|Any CPU
		{50BED426-F170-4A5A-AAD1-433E469816C9}.Debug|Any CPU.ActiveCfg = Debug|Any CPU
		{50BED426-F170-4A5A-AAD1-433E469816C9}.Debug|Any CPU.Build.0 = Debug|Any CPU
		{50BED426-F170-4A5A-AAD1-433E469816C9}.Release|Any CPU.ActiveCfg = Release|Any CPU
		{50BED426-F170-4A5A-AAD1-433E469816C9}.Release|Any CPU.Build.0 = Release|Any CPU
	EndGlobalSection
	GlobalSection(SolutionProperties) = preSolution
		HideSolutionNode = FALSE
	EndGlobalSection
	GlobalSection(NestedProjects) = preSolution
		{8CC73047-0FC8-4687-82F1-6CAF8DFABE98} = {02EA681E-C7D8-13C7-8484-4AC65E1B71E8}
		{58342A3D-1E95-4313-9FFA-740218930B08} = {02EA681E-C7D8-13C7-8484-4AC65E1B71E8}
		{7AA86EA0-DF31-438A-A0DA-7E12AD323B45} = {02EA681E-C7D8-13C7-8484-4AC65E1B71E8}
		{6293B232-720F-44C7-B0D9-3A704391A0D6} = {D67BF029-3413-4DE1-88E8-84A34FC42FB7}
		{1826194A-F2B2-4814-BFA9-B0FDC85DFAD3} = {D67BF029-3413-4DE1-88E8-84A34FC42FB7}
		{23DC54E3-B129-4CCE-A848-749ECBFAC4D9} = {D67BF029-3413-4DE1-88E8-84A34FC42FB7}
		{406EE2F8-3B52-48ED-BC76-A8451CA3F8A3} = {5D87CF4E-A14A-4973-AC7F-F1D6DC2B09FB}
		{83F004AC-AFF0-47F2-927D-CC75FD9FF02C} = {5D87CF4E-A14A-4973-AC7F-F1D6DC2B09FB}
		{0F578AE7-C866-4E00-8464-E070AFCD235A} = {5D87CF4E-A14A-4973-AC7F-F1D6DC2B09FB}
		{E6858462-3CEE-449B-9E0B-8AE67D0D5244} = {E4445F59-3743-4B12-A834-C3A682F9E277}
		{F6742105-8191-4C5F-80BC-88C41C58884E} = {E4445F59-3743-4B12-A834-C3A682F9E277}
		{2A8CA1F1-D4C3-4A6D-B985-C3ED1A877FB0} = {E4445F59-3743-4B12-A834-C3A682F9E277}
		{F0DB2CA3-FFAB-466D-88DB-3A738C20468D} = {94D20AA0-2BC1-4155-8CD7-445E3E60CD22}
		{4C1BA0D3-47C6-4A93-B9ED-56EE3120009E} = {94D20AA0-2BC1-4155-8CD7-445E3E60CD22}
		{6611D352-96BA-43DE-BA45-513B92B82ECD} = {94D20AA0-2BC1-4155-8CD7-445E3E60CD22}
		{0A34667C-75E1-43D8-B136-FFE8409E39A6} = {8886275C-1FD5-4CCA-BADF-27AA51E43B5E}
		{35871374-9CDE-4FFA-82EE-F16D47F2D32A} = {8886275C-1FD5-4CCA-BADF-27AA51E43B5E}
		{A5D90A48-B2A5-4DD7-AA0F-E7D847AE23FF} = {8886275C-1FD5-4CCA-BADF-27AA51E43B5E}
		{829A0A37-4E07-47A2-B705-1CBB32BA20E5} = {8E9230DC-36C2-47E3-9C83-7A31D137781F}
		{F2060658-E46C-459E-BD79-DFB4618E0DD6} = {8E9230DC-36C2-47E3-9C83-7A31D137781F}
		{50BED426-F170-4A5A-AAD1-433E469816C9} = {8E9230DC-36C2-47E3-9C83-7A31D137781F}
	EndGlobalSection
	GlobalSection(ExtensibilityGlobals) = postSolution
		SolutionGuid = {84CCE711-1435-46CF-B050-3526BF749DA3}
	EndGlobalSection
EndGlobal
