
Microsoft Visual Studio Solution File, Format Version 12.00
# Visual Studio Version 17
VisualStudioVersion = 17.14.37628.2 d17.14
MinimumVisualStudioVersion = 10.0.40219.1
Project("{2150E333-8FDC-42A3-9474-1A3956D46DE8}") = "Task0", "Task0", "{02EA681E-C7D8-13C7-8484-4AC65E1B71E8}"
EndProject
Project("{FAE04EC0-301F-11D3-BF4B-00C04F79EFBC}") = "Tyuiu.IvanovaEA.Sprint2.Task0.V15.Test", "Tyuiu.IvanovaEA.Sprint2.Task0.V15.Test\Tyuiu.IvanovaEA.Sprint2.Task0.V15.Test.csproj", "{8CC73047-0FC8-4687-82F1-6CAF8DFABE98}"
EndProject
Project("{FAE04EC0-301F-11D3-BF4B-00C04F79EFBC}") = "Tyuiu.IvanovaEA.Sprint2.Task0.V15.Lib", "Tyuiu.IvanovaEA.Sprint2.Task0.V15.Lib\Tyuiu.IvanovaEA.Sprint2.Task0.V15.Lib.csproj", "{58342A3D-1E95-4313-9FFA-740218930B08}"
EndProject
Project("{FAE04EC0-301F-11D3-BF4B-00C04F79EFBC}") = "Tyuiu.IvanovaEA.Sprint2.Task0.V15", "Tyuiu.IvanovaEA.Sprint2.Task0.V15\Tyuiu.IvanovaEA.Sprint2.Task0.V15.csproj", "{7AA86EA0-DF31-438A-A0DA-7E12AD323B45}"
EndProject
Project("{2150E333-8FDC-42A3-9474-1A3956D46DE8}") = "Task1", "Task1", "{D67BF029-3413-4DE1-88E8-84A34FC42FB7}"
EndProject
Project("{FAE04EC0-301F-11D3-BF4B-00C04F79EFBC}") = "Tyuiu.IvanovaEA.Sprint2.Task1.V13.Test", "Tyuiu.IvanovaEA.Sprint2.Task1.V13.Test\Tyuiu.IvanovaEA.Sprint2.Task1.V13.Test.csproj", "{6293B232-720F-44C7-B0D9-3A704391A0D6}"
EndProject
Project("{FAE04EC0-301F-11D3-BF4B-00C04F79EFBC}") = "Tyuiu.IvanovaEA.Sprint2.Task1.V13.Lib", "Tyuiu.IvanovaEA.Sprint2.Task1.V13.Lib\Tyuiu.IvanovaEA.Sprint2.Task1.V13.Lib.csproj", "{1826194A-F2B2-4814-BFA9-B0FDC85DFAD3}"
EndProject
Project("{FAE04EC0-301F-11D3-BF4B-00C04F79EFBC}") = "Tyuiu.IvanovaEA.Sprint2.Task1.V13", "Tyuiu.IvanovaEA.Sprint2.Task1.V13\Tyuiu.IvanovaEA.Sprint2.Task1.V13.csproj", "{23DC54E3-B129-4CCE-A848-749ECBFAC4D9}"
EndProject
Project("{2150E333-8FDC-42A3-9474-1A3956D46DE8}") = "Task2", "Task2", "{5D87CF4E-A14A-4973-AC7F-F1D6DC2B09FB}"
EndProject
Project("{FAE04EC0-301F-11D3-BF4B-00C04F79EFBC}") = "Tyuiu.IvanovaEA.Sprint2.Task2.V16.Test", "Tyuiu.IvanovaEA.Sprint2.Task2.V16.Test\Tyuiu.IvanovaEA.Sprint2.Task2.V16.Test.csproj", "{406EE2F8-3B52-48ED-BC76-A8451CA3F8A3}"
EndProject
Project("{FAE04EC0-301F-11D3-BF4B-00C04F79EFBC}") = "Tyuiu.IvanovaEA.Sprint2.Task2.V16.Lib", "Tyuiu.IvanovaEA.Sprint2.Task2.V16.Lib\Tyuiu.IvanovaEA.Sprint2.Task2.V16.Lib.csproj", "{83F004AC-AFF0-47F2-927D-CC75FD9FF02C}"
EndProject
Project("{FAE04EC0-301F-11D3-BF4B-00C04F79EFBC}") = "Tyuiu.IvanovaEA.Sprint2.Task2.V16", "Tyuiu.IvanovaEA.Sprint2.Task2.V16\Tyuiu.IvanovaEA.Sprint2.Task2.V16.csproj", "{0F578AE7-C866-4E00-8464-E070AFCD235A}"
EndProject
Global
	GlobalSection(SolutionConfigurationPlatforms) = preSolution
		Debug|Any CPU = Debug|Any CPU
		Release|Any CPU = Release|Any CPU
	EndGlobalSection
	GlobalSection(ProjectConfigurationPlatforms) = postSolution
		{8CC73047-0FC8-4687-82F1-6CAF8DFABE98}.Debug|Any CPU.ActiveCfg = Debug|Any CPU
		{8CC73047-0FC8-4687-82F1-6CAF8DFABE98}.Debug|Any CPU.Build.0 = Debug|Any CPU
		{8CC73047-0FC8-4687-82F1-6CAF8DFABE98}.Release|Any CPU.ActiveCfg = Release|Any CPU
		{8CC73047-0FC8-4687-82F1-6CAF8DFABE98}.Release|Any CPU.Build.0 = Release|Any CPU
		{58342A3D-1E95-4313-9FFA-740218930B08}.Debug|Any CPU.ActiveCfg = Debug|Any CPU
		{58342A3D-1E95-4313-9FFA-740218930B08}.Debug|Any CPU.Build.0 = Debug|Any CPU
		{58342A3D-1E95-4313-9FFA-740218930B08}.Release|Any CPU.ActiveCfg = Release|Any CPU
		{58342A3D-1E95-4313-9FFA-740218930B08}.Release|Any CPU.Build.0 = Release|Any CPU
		{7AA86EA0-DF31-438A-A0DA-7E12AD323B45}.Debug|Any CPU.ActiveCfg = Debug|Any CPU
		{7AA86EA0-DF31-438A-A0DA-7E12AD323B45}.Debug|Any CPU.Build.0 = Debug|Any CPU
		{7AA86EA0-DF31-438A-A0DA-7E12AD323B45}.Release|Any CPU.ActiveCfg = Release|Any CPU
		{7AA86EA0-DF31-438A-A0DA-7E12AD323B45}.Release|Any CPU.Build.0 = Release|Any CPU
		{6293B232-720F-44C7-B0D9-3A704391A0D6}.Debug|Any CPU.ActiveCfg = Debug|Any CPU
		{6293B232-720F-44C7-B0D9-3A704391A0D6}.Debug|Any CPU.Build.0 = Debug|Any CPU
		{6293B232-720F-44C7-B0D9-3A704391A0D6}.Release|Any CPU.ActiveCfg = Release|Any CPU
		{6293B232-720F-44C7-B0D9-3A704391A0D6}.Release|Any CPU.Build.0 = Release|Any CPU
		{1826194A-F2B2-4814-BFA9-B0FDC85DFAD3}.Debug|Any CPU.ActiveCfg = Debug|Any CPU
		{1826194A-F2B2-4814-BFA9-B0FDC85DFAD3}.Debug|Any CPU.Build.0 = Debug|Any CPU
		{1826194A-F2B2-4814-BFA9-B0FDC85DFAD3}.Release|Any CPU.ActiveCfg = Release|Any CPU
		{1826194A-F2B2-4814-BFA9-B0FDC85DFAD3}.Release|Any CPU.Build.0 = Release|Any CPU
		{23DC54E3-B129-4CCE-A848-749ECBFAC4D9}.Debug|Any CPU.ActiveCfg = Debug|Any CPU
		{23DC54E3-B129-4CCE-A848-749ECBFAC4D9}.Debug|Any CPU.Build.0 = Debug|Any CPU
		{23DC54E3-B129-4CCE-A848-749ECBFAC4D9}.Release|Any CPU.ActiveCfg = Release|Any CPU
		{23DC54E3-B129-4CCE-A848-749ECBFAC4D9}.Release|Any CPU.Build.0 = Release|Any CPU
		{406EE2F8-3B52-48ED-BC76-A8451CA3F8A3}.Debug|Any CPU.ActiveCfg = Debug|Any CPU
		{406EE2F8-3B52-48ED-BC76-A8451CA3F8A3}.Debug|Any CPU.Build.0 = Debug|Any CPU
		{406EE2F8-3B52-48ED-BC76-A8451CA3F8A3}.Release|Any CPU.ActiveCfg = Release|Any CPU
		{406EE2F8-3B52-48ED-BC76-A8451CA3F8A3}.Release|Any CPU.Build.0 = Release|Any CPU
		{83F004AC-AFF0-47F2-927D-CC75FD9FF02C}.Debug|Any CPU.ActiveCfg = Debug|Any CPU
		{83F004AC-AFF0-47F2-927D-CC75FD9FF02C}.Debug|Any CPU.Build.0 = Debug|Any CPU
		{83F004AC-AFF0-47F2-927D-CC75FD9FF02C}.Release|Any CPU.ActiveCfg = Release|Any CPU
		{83F004AC-AFF0-47F2-927D-CC75FD9FF02C}.Release|Any CPU.Build.0 = Release|Any CPU
		{0F578AE7-C866-4E00-8464-E070AFCD235A}.Debug|Any CPU.ActiveCfg = Debug|Any CPU
		{0F578AE7-C866-4E00-8464-E070AFCD235A}.Debug|Any CPU.Build.0 = Debug|Any CPU
		{0F578AE7-C866-4E00-8464-E070AFCD235A}.Release|Any CPU.ActiveCfg = Release|Any CPU
		{0F578AE7-C866-4E00-8464-E070AFCD235A}.Release|Any CPU.Build.0 = Release|Any CPU
	EndGlobalSection
	GlobalSection(SolutionProperties) = preSolution
		HideSolutionNode = FALSE
	EndGlobalSection
	GlobalSection(NestedProjects) = preSolution
		{8CC73047-0FC8-4687-82F1-6CAF8DFABE98} = {02EA681E-C7D8-13C7-8484-4AC65E1B71E8}
		{58342A3D-1E95-4313-9FFA-740218930B08} = {02EA681E-C7D8-13C7-8484-4AC65E1B71E8}
		{7AA86EA0-DF31-438A-A0DA-7E12AD323B45} = {02EA681E-C7D8-13C7-8484-4AC65E1B71E8}
		{6293B232-720F-44C7-B0D9-3A704391A0D6} = {D67BF029-3413-4DE1-88E8-84A34FC42FB7}
		{1826194A-F2B2-4814-BFA9-B0FDC85DFAD3} = {D67BF029-3413-4DE1-88E8-84A34FC42FB7}
		{23DC54E3-B129-4CCE-A848-749ECBFAC4D9} = {D67BF029-3413-4DE1-88E8-84A34FC42FB7}
		{406EE2F8-3B52-48ED-BC76-A8451CA3F8A3} = {5D87CF4E-A14A-4973-AC7F-F1D6DC2B09FB}
		{83F004AC-AFF0-47F2-927D-CC75FD9FF02C} = {5D87CF4E-A14A-4973-AC7F-F1D6DC2B09FB}
		{0F578AE7-C866-4E00-8464-E070AFCD235A} = {5D87CF4E-A14A-4973-AC7F-F1D6DC2B09FB}
	EndGlobalSection
	GlobalSection(ExtensibilityGlobals) = postSolution
		SolutionGuid = {84CCE711-1435-46CF-B050-3526BF749DA3}
	EndGlobalSection
EndGlobal
